PODS:
  - EDSemver (0.3.0)
  - INPopoverController (0.0.1)
  - IYLoginItem (0.1)
  - SSZipArchive (0.3.2)

DEPENDENCIES:
  - EDSemver
  - INPopoverController (from `https://github.com/indragiek/INPopoverController.git`)
  - IYLoginItem
  - SSZipArchive

SPEC REPOS:
  https://github.com/CocoaPods/Specs.git:
    - EDSemver
    - IYLoginItem
    - SSZipArchive

EXTERNAL SOURCES:
  INPopoverController:
    :git: https://github.com/indragiek/INPopoverController.git

CHECKOUT OPTIONS:
  INPopoverController:
    :commit: 4c7c674b25e3859bd3627df35538fbb470c938ab
    :git: https://github.com/indragiek/INPopoverController.git

SPEC CHECKSUMS:
  EDSemver: 124a90685873628ec30f42504b461a1a61757568
  INPopoverController: e4c315804b6d227c84a6dd64adf6732600b659fc
  IYLoginItem: e57a86b39d3b9ab0e2fc033adedae01efafd9adf
  SSZipArchive: 11801759495fa4efb7512ef652eb0042d68305d7

PODFILE CHECKSUM: 5c83aa148e0159e32cee4574990fed76aeaaa2b6

COCOAPODS: 1.5.0
