// !$*UTF8*$!
{
	archiveVersion = 1;
	classes = {
	};
	objectVersion = 46;
	objects = {

/* Begin PBXBuildFile section */
		5C406D7E1A4FC7850005AF61 /* front in Resources */ = {isa = PBXBuildFile; fileRef = 5C406D7D1A4FC7850005AF61 /* front */; };
		5C6F3C6B1A65782E00181655 /* icon_notification_dark.png in Resources */ = {isa = PBXBuildFile; fileRef = 5C6F3C671A65782E00181655 /* icon_notification_dark.png */; };
		5C6F3C6C1A65782E00181655 /* icon_dark.png in Resources */ = {isa = PBXBuildFile; fileRef = 5C6F3C681A65782E00181655 /* icon_dark.png */; };
		5C6F3C6D1A65782E00181655 /* icon_dark@2x.png in Resources */ = {isa = PBXBuildFile; fileRef = 5C6F3C691A65782E00181655 /* icon_dark@2x.png */; };
		5C6F3C6E1A65782E00181655 /* icon_notification_dark@2x.png in Resources */ = {isa = PBXBuildFile; fileRef = 5C6F3C6A1A65782E00181655 /* icon_notification_dark@2x.png */; };
		5CC58B761A6CB65D0024A418 /* GithubUpdate.swift in Sources */ = {isa = PBXBuildFile; fileRef = 5CC58B751A6CB65D0024A418 /* GithubUpdate.swift */; };
		5CFF3A161A603B26001B3536 /* CustomButton.swift in Sources */ = {isa = PBXBuildFile; fileRef = 5CFF3A031A603B25001B3536 /* CustomButton.swift */; };
		5CFF3A171A603B26001B3536 /* ContentViewController.swift in Sources */ = {isa = PBXBuildFile; fileRef = 5CFF3A051A603B25001B3536 /* ContentViewController.swift */; };
		5CFF3A181A603B26001B3536 /* Contributions.swift in Sources */ = {isa = PBXBuildFile; fileRef = 5CFF3A071A603B25001B3536 /* Contributions.swift */; };
		5CFF3A191A603B26001B3536 /* AppDelegate.swift in Sources */ = {isa = PBXBuildFile; fileRef = 5CFF3A091A603B25001B3536 /* AppDelegate.swift */; };
		5CFF3A1A1A603B26001B3536 /* icon.png in Resources */ = {isa = PBXBuildFile; fileRef = 5CFF3A0D1A603B25001B3536 /* icon.png */; };
		5CFF3A1B1A603B26001B3536 /* icon@2x.png in Resources */ = {isa = PBXBuildFile; fileRef = 5CFF3A0E1A603B25001B3536 /* icon@2x.png */; };
		5CFF3A1C1A603B26001B3536 /* icon_notification.png in Resources */ = {isa = PBXBuildFile; fileRef = 5CFF3A0F1A603B25001B3536 /* icon_notification.png */; };
		5CFF3A1D1A603B26001B3536 /* icon_notification@2x.png in Resources */ = {isa = PBXBuildFile; fileRef = 5CFF3A101A603B25001B3536 /* icon_notification@2x.png */; };
		5CFF3A1E1A603B26001B3536 /* Images.xcassets in Resources */ = {isa = PBXBuildFile; fileRef = 5CFF3A111A603B25001B3536 /* Images.xcassets */; };
		5CFF3A201A603B26001B3536 /* ContentViewController.xib in Resources */ = {isa = PBXBuildFile; fileRef = 5CFF3A141A603B26001B3536 /* ContentViewController.xib */; };
		5CFF3A211A603B26001B3536 /* MainMenu.xib in Resources */ = {isa = PBXBuildFile; fileRef = 5CFF3A151A603B26001B3536 /* MainMenu.xib */; };
		5CFF3A231A603B45001B3536 /* WebKit.framework in Frameworks */ = {isa = PBXBuildFile; fileRef = 5CFF3A221A603B45001B3536 /* WebKit.framework */; };
		A122F089337A35FC76B85166 /* libPods-GithubPulse.a in Frameworks */ = {isa = PBXBuildFile; fileRef = 91AF115650D490D66E907956 /* libPods-GithubPulse.a */; };
/* End PBXBuildFile section */

/* Begin PBXFileReference section */
		57B6DFB07530F399A23B95D1 /* Pods-GithubPulse.debug.xcconfig */ = {isa = PBXFileReference; includeInIndex = 1; lastKnownFileType = text.xcconfig; name = "Pods-GithubPulse.debug.xcconfig"; path = "Pods/Target Support Files/Pods-GithubPulse/Pods-GithubPulse.debug.xcconfig"; sourceTree = "<group>"; };
		5C406D491A4F93140005AF61 /* GithubPulse.app */ = {isa = PBXFileReference; explicitFileType = wrapper.application; includeInIndex = 0; path = GithubPulse.app; sourceTree = BUILT_PRODUCTS_DIR; };
		5C406D7D1A4FC7850005AF61 /* front */ = {isa = PBXFileReference; lastKnownFileType = folder; name = front; path = ../front; sourceTree = "<group>"; };
		5C6F3C671A65782E00181655 /* icon_notification_dark.png */ = {isa = PBXFileReference; lastKnownFileType = image.png; path = icon_notification_dark.png; sourceTree = "<group>"; };
		5C6F3C681A65782E00181655 /* icon_dark.png */ = {isa = PBXFileReference; lastKnownFileType = image.png; path = icon_dark.png; sourceTree = "<group>"; };
		5C6F3C691A65782E00181655 /* icon_dark@2x.png */ = {isa = PBXFileReference; lastKnownFileType = image.png; path = "icon_dark@2x.png"; sourceTree = "<group>"; };
		5C6F3C6A1A65782E00181655 /* icon_notification_dark@2x.png */ = {isa = PBXFileReference; lastKnownFileType = image.png; path = "icon_notification_dark@2x.png"; sourceTree = "<group>"; };
		5CC58B751A6CB65D0024A418 /* GithubUpdate.swift */ = {isa = PBXFileReference; fileEncoding = 4; lastKnownFileType = sourcecode.swift; path = GithubUpdate.swift; sourceTree = "<group>"; };
		5CC58B841A6DCDB20024A418 /* Cocoa.framework */ = {isa = PBXFileReference; lastKnownFileType = wrapper.framework; name = Cocoa.framework; path = System/Library/Frameworks/Cocoa.framework; sourceTree = SDKROOT; };
		5CFF3A031A603B25001B3536 /* CustomButton.swift */ = {isa = PBXFileReference; fileEncoding = 4; lastKnownFileType = sourcecode.swift; path = CustomButton.swift; sourceTree = "<group>"; };
		5CFF3A051A603B25001B3536 /* ContentViewController.swift */ = {isa = PBXFileReference; fileEncoding = 4; lastKnownFileType = sourcecode.swift; path = ContentViewController.swift; sourceTree = "<group>"; };
		5CFF3A071A603B25001B3536 /* Contributions.swift */ = {isa = PBXFileReference; fileEncoding = 4; lastKnownFileType = sourcecode.swift; path = Contributions.swift; sourceTree = "<group>"; };
		5CFF3A091A603B25001B3536 /* AppDelegate.swift */ = {isa = PBXFileReference; fileEncoding = 4; lastKnownFileType = sourcecode.swift; path = AppDelegate.swift; sourceTree = "<group>"; };
		5CFF3A0A1A603B25001B3536 /* BridgeHeader.h */ = {isa = PBXFileReference; fileEncoding = 4; lastKnownFileType = sourcecode.c.h; path = BridgeHeader.h; sourceTree = "<group>"; };
		5CFF3A0D1A603B25001B3536 /* icon.png */ = {isa = PBXFileReference; lastKnownFileType = image.png; path = icon.png; sourceTree = "<group>"; };
		5CFF3A0E1A603B25001B3536 /* icon@2x.png */ = {isa = PBXFileReference; lastKnownFileType = image.png; path = "icon@2x.png"; sourceTree = "<group>"; };
		5CFF3A0F1A603B25001B3536 /* icon_notification.png */ = {isa = PBXFileReference; lastKnownFileType = image.png; path = icon_notification.png; sourceTree = "<group>"; };
		5CFF3A101A603B25001B3536 /* icon_notification@2x.png */ = {isa = PBXFileReference; lastKnownFileType = image.png; path = "icon_notification@2x.png"; sourceTree = "<group>"; };
		5CFF3A111A603B25001B3536 /* Images.xcassets */ = {isa = PBXFileReference; lastKnownFileType = folder.assetcatalog; path = Images.xcassets; sourceTree = "<group>"; };
		5CFF3A121A603B25001B3536 /* Info.plist */ = {isa = PBXFileReference; fileEncoding = 4; lastKnownFileType = text.plist.xml; path = Info.plist; sourceTree = "<group>"; };
		5CFF3A141A603B26001B3536 /* ContentViewController.xib */ = {isa = PBXFileReference; fileEncoding = 4; lastKnownFileType = file.xib; path = ContentViewController.xib; sourceTree = "<group>"; };
		5CFF3A151A603B26001B3536 /* MainMenu.xib */ = {isa = PBXFileReference; fileEncoding = 4; lastKnownFileType = file.xib; path = MainMenu.xib; sourceTree = "<group>"; };
		5CFF3A221A603B45001B3536 /* WebKit.framework */ = {isa = PBXFileReference; lastKnownFileType = wrapper.framework; name = WebKit.framework; path = System/Library/Frameworks/WebKit.framework; sourceTree = SDKROOT; };
		615798A5D92660242296EA5D /* Pods-GithubPulse.release.xcconfig */ = {isa = PBXFileReference; includeInIndex = 1; lastKnownFileType = text.xcconfig; name = "Pods-GithubPulse.release.xcconfig"; path = "Pods/Target Support Files/Pods-GithubPulse/Pods-GithubPulse.release.xcconfig"; sourceTree = "<group>"; };
		91AF115650D490D66E907956 /* libPods-GithubPulse.a */ = {isa = PBXFileReference; explicitFileType = archive.ar; includeInIndex = 0; path = "libPods-GithubPulse.a"; sourceTree = BUILT_PRODUCTS_DIR; };
/* End PBXFileReference section */

/* Begin PBXFrameworksBuildPhase section */
		5C406D461A4F93140005AF61 /* Frameworks */ = {
			isa = PBXFrameworksBuildPhase;
			buildActionMask = 2147483647;
			files = (
				5CFF3A231A603B45001B3536 /* WebKit.framework in Frameworks */,
				A122F089337A35FC76B85166 /* libPods-GithubPulse.a in Frameworks */,
			);
			runOnlyForDeploymentPostprocessing = 0;
		};
/* End PBXFrameworksBuildPhase section */

/* Begin PBXGroup section */
		34E85245A6050C883BA59349 /* Frameworks */ = {
			isa = PBXGroup;
			children = (
				5CC58B841A6DCDB20024A418 /* Cocoa.framework */,
				5CFF3A221A603B45001B3536 /* WebKit.framework */,
				91AF115650D490D66E907956 /* libPods-GithubPulse.a */,
			);
			name = Frameworks;
			sourceTree = "<group>";
		};
		5C406D401A4F93140005AF61 = {
			isa = PBXGroup;
			children = (
				5C406D7D1A4FC7850005AF61 /* front */,
				5C406D4B1A4F93140005AF61 /* GithubPulse */,
				5C406D4A1A4F93140005AF61 /* Products */,
				34E85245A6050C883BA59349 /* Frameworks */,
				FBD027D8CD3E6766B9074F64 /* Pods */,
			);
			sourceTree = "<group>";
		};
		5C406D4A1A4F93140005AF61 /* Products */ = {
			isa = PBXGroup;
			children = (
				5C406D491A4F93140005AF61 /* GithubPulse.app */,
			);
			name = Products;
			sourceTree = "<group>";
		};
		5C406D4B1A4F93140005AF61 /* GithubPulse */ = {
			isa = PBXGroup;
			children = (
				5CFF3A021A603B25001B3536 /* Components */,
				5CFF3A041A603B25001B3536 /* Controllers */,
				5CFF3A061A603B25001B3536 /* Models */,
				5CFF3A081A603B25001B3536 /* Other Sources */,
				5CFF3A0B1A603B25001B3536 /* Resources */,
				5CFF3A131A603B25001B3536 /* Views */,
			);
			path = GithubPulse;
			sourceTree = "<group>";
		};
		5CFF3A021A603B25001B3536 /* Components */ = {
			isa = PBXGroup;
			children = (
				5CFF3A031A603B25001B3536 /* CustomButton.swift */,
			);
			path = Components;
			sourceTree = "<group>";
		};
		5CFF3A041A603B25001B3536 /* Controllers */ = {
			isa = PBXGroup;
			children = (
				5CFF3A051A603B25001B3536 /* ContentViewController.swift */,
			);
			path = Controllers;
			sourceTree = "<group>";
		};
		5CFF3A061A603B25001B3536 /* Models */ = {
			isa = PBXGroup;
			children = (
				5CFF3A071A603B25001B3536 /* Contributions.swift */,
			);
			path = Models;
			sourceTree = "<group>";
		};
		5CFF3A081A603B25001B3536 /* Other Sources */ = {
			isa = PBXGroup;
			children = (
				5CFF3A091A603B25001B3536 /* AppDelegate.swift */,
				5CFF3A0A1A603B25001B3536 /* BridgeHeader.h */,
				5CC58B751A6CB65D0024A418 /* GithubUpdate.swift */,
			);
			path = "Other Sources";
			sourceTree = "<group>";
		};
		5CFF3A0B1A603B25001B3536 /* Resources */ = {
			isa = PBXGroup;
			children = (
				5CFF3A0C1A603B25001B3536 /* Images */,
				5CFF3A111A603B25001B3536 /* Images.xcassets */,
				5CFF3A121A603B25001B3536 /* Info.plist */,
			);
			path = Resources;
			sourceTree = "<group>";
		};
		5CFF3A0C1A603B25001B3536 /* Images */ = {
			isa = PBXGroup;
			children = (
				5C6F3C671A65782E00181655 /* icon_notification_dark.png */,
				5C6F3C681A65782E00181655 /* icon_dark.png */,
				5C6F3C691A65782E00181655 /* icon_dark@2x.png */,
				5C6F3C6A1A65782E00181655 /* icon_notification_dark@2x.png */,
				5CFF3A0D1A603B25001B3536 /* icon.png */,
				5CFF3A0E1A603B25001B3536 /* icon@2x.png */,
				5CFF3A0F1A603B25001B3536 /* icon_notification.png */,
				5CFF3A101A603B25001B3536 /* icon_notification@2x.png */,
			);
			path = Images;
			sourceTree = "<group>";
		};
		5CFF3A131A603B25001B3536 /* Views */ = {
			isa = PBXGroup;
			children = (
				5CFF3A141A603B26001B3536 /* ContentViewController.xib */,
				5CFF3A151A603B26001B3536 /* MainMenu.xib */,
			);
			path = Views;
			sourceTree = "<group>";
		};
		FBD027D8CD3E6766B9074F64 /* Pods */ = {
			isa = PBXGroup;
			children = (
				57B6DFB07530F399A23B95D1 /* Pods-GithubPulse.debug.xcconfig */,
				615798A5D92660242296EA5D /* Pods-GithubPulse.release.xcconfig */,
			);
			name = Pods;
			sourceTree = "<group>";
		};
/* End PBXGroup section */

/* Begin PBXNativeTarget section */
		5C406D481A4F93140005AF61 /* GithubPulse */ = {
			isa = PBXNativeTarget;
			buildConfigurationList = 5C406D631A4F93140005AF61 /* Build configuration list for PBXNativeTarget "GithubPulse" */;
			buildPhases = (
				2D91863E12AB6A9F0FADD8D4 /* [CP] Check Pods Manifest.lock */,
				5C406D451A4F93140005AF61 /* Sources */,
				5C406D461A4F93140005AF61 /* Frameworks */,
				5C406D471A4F93140005AF61 /* Resources */,
			);
			buildRules = (
			);
			dependencies = (
			);
			name = GithubPulse;
			productName = GithubPulse;
			productReference = 5C406D491A4F93140005AF61 /* GithubPulse.app */;
			productType = "com.apple.product-type.application";
		};
/* End PBXNativeTarget section */

/* Begin PBXProject section */
		5C406D411A4F93140005AF61 /* Project object */ = {
			isa = PBXProject;
			attributes = {
				LastSwiftMigration = 0700;
				LastSwiftUpdateCheck = 0700;
				LastUpgradeCheck = 0830;
				ORGANIZATIONNAME = "Tadeu Zagallo";
				TargetAttributes = {
					5C406D481A4F93140005AF61 = {
						CreatedOnToolsVersion = 6.1;
						LastSwiftMigration = 0830;
					};
				};
			};
			buildConfigurationList = 5C406D441A4F93140005AF61 /* Build configuration list for PBXProject "GithubPulse" */;
			compatibilityVersion = "Xcode 3.2";
			developmentRegion = English;
			hasScannedForEncodings = 0;
			knownRegions = (
				en,
				Base,
			);
			mainGroup = 5C406D401A4F93140005AF61;
			productRefGroup = 5C406D4A1A4F93140005AF61 /* Products */;
			projectDirPath = "";
			projectRoot = "";
			targets = (
				5C406D481A4F93140005AF61 /* GithubPulse */,
			);
		};
/* End PBXProject section */

/* Begin PBXResourcesBuildPhase section */
		5C406D471A4F93140005AF61 /* Resources */ = {
			isa = PBXResourcesBuildPhase;
			buildActionMask = 2147483647;
			files = (
				5CFF3A1D1A603B26001B3536 /* icon_notification@2x.png in Resources */,
				5CFF3A1A1A603B26001B3536 /* icon.png in Resources */,
				5C6F3C6C1A65782E00181655 /* icon_dark.png in Resources */,
				5C406D7E1A4FC7850005AF61 /* front in Resources */,
				5CFF3A1E1A603B26001B3536 /* Images.xcassets in Resources */,
				5CFF3A201A603B26001B3536 /* ContentViewController.xib in Resources */,
				5CFF3A1B1A603B26001B3536 /* icon@2x.png in Resources */,
				5C6F3C6B1A65782E00181655 /* icon_notification_dark.png in Resources */,
				5CFF3A1C1A603B26001B3536 /* icon_notification.png in Resources */,
				5CFF3A211A603B26001B3536 /* MainMenu.xib in Resources */,
				5C6F3C6E1A65782E00181655 /* icon_notification_dark@2x.png in Resources */,
				5C6F3C6D1A65782E00181655 /* icon_dark@2x.png in Resources */,
			);
			runOnlyForDeploymentPostprocessing = 0;
		};
/* End PBXResourcesBuildPhase section */

/* Begin PBXShellScriptBuildPhase section */
		2D91863E12AB6A9F0FADD8D4 /* [CP] Check Pods Manifest.lock */ = {
			isa = PBXShellScriptBuildPhase;
			buildActionMask = 2147483647;
			files = (
			);
			inputPaths = (
				"${PODS_PODFILE_DIR_PATH}/Podfile.lock",
				"${PODS_ROOT}/Manifest.lock",
			);
			name = "[CP] Check Pods Manifest.lock";
			outputPaths = (
				"$(DERIVED_FILE_DIR)/Pods-GithubPulse-checkManifestLockResult.txt",
			);
			runOnlyForDeploymentPostprocessing = 0;
			shellPath = /bin/sh;
			shellScript = "diff \"${PODS_PODFILE_DIR_PATH}/Podfile.lock\" \"${PODS_ROOT}/Manifest.lock\" > /dev/null\nif [ $? != 0 ] ; then\n    # print error to STDERR\n    echo \"error: The sandbox is not in sync with the Podfile.lock. Run 'pod install' or update your CocoaPods installation.\" >&2\n    exit 1\nfi\n# This output is used by Xcode 'outputs' to avoid re-running this script phase.\necho \"SUCCESS\" > \"${SCRIPT_OUTPUT_FILE_0}\"\n";
			showEnvVarsInLog = 0;
		};
/* End PBXShellScriptBuildPhase section */

/* Begin PBXSourcesBuildPhase section */
		5C406D451A4F93140005AF61 /* Sources */ = {
			isa = PBXSourcesBuildPhase;
			buildActionMask = 2147483647;
			files = (
				5CFF3A191A603B26001B3536 /* AppDelegate.swift in Sources */,
				5CFF3A181A603B26001B3536 /* Contributions.swift in Sources */,
				5CFF3A171A603B26001B3536 /* ContentViewController.swift in Sources */,
				5CC58B761A6CB65D0024A418 /* GithubUpdate.swift in Sources */,
				5CFF3A161A603B26001B3536 /* CustomButton.swift in Sources */,
			);
			runOnlyForDeploymentPostprocessing = 0;
		};
/* End PBXSourcesBuildPhase section */

/* Begin XCBuildConfiguration section */
		5C406D611A4F93140005AF61 /* Debug */ = {
			isa = XCBuildConfiguration;
			buildSettings = {
				ALWAYS_SEARCH_USER_PATHS = NO;
				CLANG_CXX_LANGUAGE_STANDARD = "gnu++0x";
				CLANG_CXX_LIBRARY = "libc++";
				CLANG_ENABLE_MODULES = YES;
				CLANG_ENABLE_OBJC_ARC = YES;
				CLANG_WARN_BOOL_CONVERSION = YES;
				CLANG_WARN_CONSTANT_CONVERSION = YES;
				CLANG_WARN_DIRECT_OBJC_ISA_USAGE = YES_ERROR;
				CLANG_WARN_EMPTY_BODY = YES;
				CLANG_WARN_ENUM_CONVERSION = YES;
				CLANG_WARN_INFINITE_RECURSION = YES;
				CLANG_WARN_INT_CONVERSION = YES;
				CLANG_WARN_OBJC_ROOT_CLASS = YES_ERROR;
				CLANG_WARN_SUSPICIOUS_MOVE = YES;
				CLANG_WARN_UNREACHABLE_CODE = YES;
				CLANG_WARN__DUPLICATE_METHOD_MATCH = YES;
				CODE_SIGN_IDENTITY = "-";
				COPY_PHASE_STRIP = NO;
				ENABLE_STRICT_OBJC_MSGSEND = YES;
				ENABLE_TESTABILITY = YES;
				GCC_C_LANGUAGE_STANDARD = gnu99;
				GCC_DYNAMIC_NO_PIC = NO;
				GCC_NO_COMMON_BLOCKS = YES;
				GCC_OPTIMIZATION_LEVEL = 0;
				GCC_PREPROCESSOR_DEFINITIONS = (
					"DEBUG=1",
					"$(inherited)",
				);
				GCC_SYMBOLS_PRIVATE_EXTERN = NO;
				GCC_WARN_64_TO_32_BIT_CONVERSION = YES;
				GCC_WARN_ABOUT_RETURN_TYPE = YES_ERROR;
				GCC_WARN_UNDECLARED_SELECTOR = YES;
				GCC_WARN_UNINITIALIZED_AUTOS = YES_AGGRESSIVE;
				GCC_WARN_UNUSED_FUNCTION = YES;
				GCC_WARN_UNUSED_VARIABLE = YES;
				MACOSX_DEPLOYMENT_TARGET = 10.10;
				MTL_ENABLE_DEBUG_INFO = YES;
				ONLY_ACTIVE_ARCH = YES;
				SDKROOT = macosx;
				SWIFT_OPTIMIZATION_LEVEL = "-Onone";
			};
			name = Debug;
		};
		5C406D621A4F93140005AF61 /* Release */ = {
			isa = XCBuildConfiguration;
			buildSettings = {
				ALWAYS_SEARCH_USER_PATHS = NO;
				CLANG_CXX_LANGUAGE_STANDARD = "gnu++0x";
				CLANG_CXX_LIBRARY = "libc++";
				CLANG_ENABLE_MODULES = YES;
				CLANG_ENABLE_OBJC_ARC = YES;
				CLANG_WARN_BOOL_CONVERSION = YES;
				CLANG_WARN_CONSTANT_CONVERSION = YES;
				CLANG_WARN_DIRECT_OBJC_ISA_USAGE = YES_ERROR;
				CLANG_WARN_EMPTY_BODY = YES;
				CLANG_WARN_ENUM_CONVERSION = YES;
				CLANG_WARN_INFINITE_RECURSION = YES;
				CLANG_WARN_INT_CONVERSION = YES;
				CLANG_WARN_OBJC_ROOT_CLASS = YES_ERROR;
				CLANG_WARN_SUSPICIOUS_MOVE = YES;
				CLANG_WARN_UNREACHABLE_CODE = YES;
				CLANG_WARN__DUPLICATE_METHOD_MATCH = YES;
				CODE_SIGN_IDENTITY = "-";
				COPY_PHASE_STRIP = YES;
				DEBUG_INFORMATION_FORMAT = "dwarf-with-dsym";
				ENABLE_NS_ASSERTIONS = NO;
				ENABLE_STRICT_OBJC_MSGSEND = YES;
				GCC_C_LANGUAGE_STANDARD = gnu99;
				GCC_NO_COMMON_BLOCKS = YES;
				GCC_WARN_64_TO_32_BIT_CONVERSION = YES;
				GCC_WARN_ABOUT_RETURN_TYPE = YES_ERROR;
				GCC_WARN_UNDECLARED_SELECTOR = YES;
				GCC_WARN_UNINITIALIZED_AUTOS = YES_AGGRESSIVE;
				GCC_WARN_UNUSED_FUNCTION = YES;
				GCC_WARN_UNUSED_VARIABLE = YES;
				MACOSX_DEPLOYMENT_TARGET = 10.10;
				MTL_ENABLE_DEBUG_INFO = NO;
				SDKROOT = macosx;
				SWIFT_OPTIMIZATION_LEVEL = "-Owholemodule";
			};
			name = Release;
		};
		5C406D641A4F93140005AF61 /* Debug */ = {
			isa = XCBuildConfiguration;
			baseConfigurationReference = 57B6DFB07530F399A23B95D1 /* Pods-GithubPulse.debug.xcconfig */;
			buildSettings = {
				ASSETCATALOG_COMPILER_APPICON_NAME = AppIcon;
				COMBINE_HIDPI_IMAGES = YES;
				INFOPLIST_FILE = GithubPulse/Resources/Info.plist;
				LD_RUNPATH_SEARCH_PATHS = "$(inherited) @executable_path/../Frameworks";
				"OTHER_SWIFT_FLAGS[arch=*]" = "-D DEBUG";
				PRODUCT_BUNDLE_IDENTIFIER = "com.tadeuzagallo.$(PRODUCT_NAME:rfc1034identifier)";
				PRODUCT_NAME = "$(TARGET_NAME)";
				SWIFT_OBJC_BRIDGING_HEADER = "GithubPulse/Other Sources/BridgeHeader.h";
				SWIFT_VERSION = 3.0;
			};
			name = Debug;
		};
		5C406D651A4F93140005AF61 /* Release */ = {
			isa = XCBuildConfiguration;
			baseConfigurationReference = 615798A5D92660242296EA5D /* Pods-GithubPulse.release.xcconfig */;
			buildSettings = {
				ASSETCATALOG_COMPILER_APPICON_NAME = AppIcon;
				COMBINE_HIDPI_IMAGES = YES;
				INFOPLIST_FILE = GithubPulse/Resources/Info.plist;
				LD_RUNPATH_SEARCH_PATHS = "$(inherited) @executable_path/../Frameworks";
				PRODUCT_BUNDLE_IDENTIFIER = "com.tadeuzagallo.$(PRODUCT_NAME:rfc1034identifier)";
				PRODUCT_NAME = "$(TARGET_NAME)";
				SWIFT_OBJC_BRIDGING_HEADER = "GithubPulse/Other Sources/BridgeHeader.h";
				SWIFT_VERSION = 3.0;
			};
			name = Release;
		};
/* End XCBuildConfiguration section */

/* Begin XCConfigurationList section */
		5C406D441A4F93140005AF61 /* Build configuration list for PBXProject "GithubPulse" */ = {
			isa = XCConfigurationList;
			buildConfigurations = (
				5C406D611A4F93140005AF61 /* Debug */,
				5C406D621A4F93140005AF61 /* Release */,
			);
			defaultConfigurationIsVisible = 0;
			defaultConfigurationName = Release;
		};
		5C406D631A4F93140005AF61 /* Build configuration list for PBXNativeTarget "GithubPulse" */ = {
			isa = XCConfigurationList;
			buildConfigurations = (
				5C406D641A4F93140005AF61 /* Debug */,
				5C406D651A4F93140005AF61 /* Release */,
			);
			defaultConfigurationIsVisible = 0;
			defaultConfigurationName = Release;
		};
/* End XCConfigurationList section */
	};
	rootObject = 5C406D411A4F93140005AF61 /* Project object */;
}
